
Microsoft Visual Studio Solution File, Format Version 12.00
# Visual Studio Version 17
VisualStudioVersion = 17.12.35707.178 d17.12
MinimumVisualStudioVersion = 10.0.40219.1
Project("{FAE04EC0-301F-11D3-BF4B-00C04F79EFBC}") = "UnrealPluginManager.Server", "UnrealPluginManager.Server\UnrealPluginManager.Server.csproj", "{1AF09A44-ED09-4C18-9F59-554A5437FBF4}"
EndProject
Project("{54A90642-561A-4BB1-A94E-469ADEE60C69}") = "unrealpluginmanager.client", "unrealpluginmanager.client\unrealpluginmanager.client.esproj", "{14DA7D81-0C7E-4201-8E03-65B8230EA26A}"
EndProject
Project("{FAE04EC0-301F-11D3-BF4B-00C04F79EFBC}") = "UnrealPluginManager.Core", "UnrealPluginManager.Core\UnrealPluginManager.Core.csproj", "{9A758204-7132-4CA0-A70C-BA59C0FBF0BA}"
EndProject
Project("{FAE04EC0-301F-11D3-BF4B-00C04F79EFBC}") = "UnrealPluginManager.Core.Tests", "UnrealPluginManager.Core.Tests\UnrealPluginManager.Core.Tests.csproj", "{F4529935-7CAC-4257-8228-DE20D74AD955}"
EndProject
Project("{FAE04EC0-301F-11D3-BF4B-00C04F79EFBC}") = "UnrealPluginManager.Server.Tests", "UnrealPluginManager.Server.Tests\UnrealPluginManager.Server.Tests.csproj", "{0DF810B9-0E26-4639-A5FA-0537C7D964D5}"
EndProject
Project("{FAE04EC0-301F-11D3-BF4B-00C04F79EFBC}") = "UnrealPluginManager.Cli", "UnrealPluginManager.Cli\UnrealPluginManager.Cli.csproj", "{613D5350-AD38-45BA-B6B2-E12C9402E811}"
EndProject
Project("{FAE04EC0-301F-11D3-BF4B-00C04F79EFBC}") = "UnrealPluginManager.Cli.Tests", "UnrealPluginManager.Cli.Tests\UnrealPluginManager.Cli.Tests.csproj", "{3F391E3C-489E-4733-9AF0-C5AA61EEF2B2}"
EndProject
Project("{FAE04EC0-301F-11D3-BF4B-00C04F79EFBC}") = "UnrealPluginManager.ApiGenerator", "UnrealPluginManager.ApiGenerator\UnrealPluginManager.ApiGenerator.csproj", "{65CAE6E6-7901-4DFB-8316-4DF601296048}"
EndProject
Project("{FAE04EC0-301F-11D3-BF4B-00C04F79EFBC}") = "UnrealPluginManager.ApiGenerator.Tests", "UnrealPluginManager.ApiGenerator.Tests\UnrealPluginManager.ApiGenerator.Tests.csproj", "{F4242B1F-A9CB-46F2-A42E-AAE5A140D42D}"
EndProject
Project("{FAE04EC0-301F-11D3-BF4B-00C04F79EFBC}") = "UnrealPluginManager.WebClient", "UnrealPluginManager.WebClient\UnrealPluginManager.WebClient.csproj", "{F97F80C2-C8F5-4AA5-9066-4D535DAC78E1}"
EndProject
Project("{FAE04EC0-301F-11D3-BF4B-00C04F79EFBC}") = "UnrealPluginManager.Local", "UnrealPluginManager.Local\UnrealPluginManager.Local.csproj", "{19C9F8D2-B68A-47DC-805C-E2B179E9A19C}"
EndProject
Project("{FAE04EC0-301F-11D3-BF4B-00C04F79EFBC}") = "UnrealPluginManager.Local.Tests", "UnrealPluginManager.Local.Tests\UnrealPluginManager.Local.Tests.csproj", "{B877C0F0-C0D8-4E20-B28B-6BC2E1F5C333}"
EndProject
Global
	GlobalSection(SolutionConfigurationPlatforms) = preSolution
		Debug|Any CPU = Debug|Any CPU
		Release|Any CPU = Release|Any CPU
	EndGlobalSection
	GlobalSection(ProjectConfigurationPlatforms) = postSolution
		{1AF09A44-ED09-4C18-9F59-554A5437FBF4}.Debug|Any CPU.ActiveCfg = Debug|Any CPU
		{1AF09A44-ED09-4C18-9F59-554A5437FBF4}.Debug|Any CPU.Build.0 = Debug|Any CPU
		{1AF09A44-ED09-4C18-9F59-554A5437FBF4}.Release|Any CPU.ActiveCfg = Release|Any CPU
		{1AF09A44-ED09-4C18-9F59-554A5437FBF4}.Release|Any CPU.Build.0 = Release|Any CPU
		{14DA7D81-0C7E-4201-8E03-65B8230EA26A}.Debug|Any CPU.ActiveCfg = Debug|Any CPU
		{14DA7D81-0C7E-4201-8E03-65B8230EA26A}.Debug|Any CPU.Build.0 = Debug|Any CPU
		{14DA7D81-0C7E-4201-8E03-65B8230EA26A}.Debug|Any CPU.Deploy.0 = Debug|Any CPU
		{14DA7D81-0C7E-4201-8E03-65B8230EA26A}.Release|Any CPU.ActiveCfg = Release|Any CPU
		{14DA7D81-0C7E-4201-8E03-65B8230EA26A}.Release|Any CPU.Build.0 = Release|Any CPU
		{14DA7D81-0C7E-4201-8E03-65B8230EA26A}.Release|Any CPU.Deploy.0 = Release|Any CPU
		{9A758204-7132-4CA0-A70C-BA59C0FBF0BA}.Debug|Any CPU.ActiveCfg = Debug|Any CPU
		{9A758204-7132-4CA0-A70C-BA59C0FBF0BA}.Debug|Any CPU.Build.0 = Debug|Any CPU
		{9A758204-7132-4CA0-A70C-BA59C0FBF0BA}.Release|Any CPU.ActiveCfg = Release|Any CPU
		{9A758204-7132-4CA0-A70C-BA59C0FBF0BA}.Release|Any CPU.Build.0 = Release|Any CPU
		{F4529935-7CAC-4257-8228-DE20D74AD955}.Debug|Any CPU.ActiveCfg = Debug|Any CPU
		{F4529935-7CAC-4257-8228-DE20D74AD955}.Debug|Any CPU.Build.0 = Debug|Any CPU
		{F4529935-7CAC-4257-8228-DE20D74AD955}.Release|Any CPU.ActiveCfg = Release|Any CPU
		{F4529935-7CAC-4257-8228-DE20D74AD955}.Release|Any CPU.Build.0 = Release|Any CPU
		{0DF810B9-0E26-4639-A5FA-0537C7D964D5}.Debug|Any CPU.ActiveCfg = Debug|Any CPU
		{0DF810B9-0E26-4639-A5FA-0537C7D964D5}.Debug|Any CPU.Build.0 = Debug|Any CPU
		{0DF810B9-0E26-4639-A5FA-0537C7D964D5}.Release|Any CPU.ActiveCfg = Release|Any CPU
		{0DF810B9-0E26-4639-A5FA-0537C7D964D5}.Release|Any CPU.Build.0 = Release|Any CPU
		{613D5350-AD38-45BA-B6B2-E12C9402E811}.Debug|Any CPU.ActiveCfg = Debug|Any CPU
		{613D5350-AD38-45BA-B6B2-E12C9402E811}.Debug|Any CPU.Build.0 = Debug|Any CPU
		{613D5350-AD38-45BA-B6B2-E12C9402E811}.Release|Any CPU.ActiveCfg = Release|Any CPU
		{613D5350-AD38-45BA-B6B2-E12C9402E811}.Release|Any CPU.Build.0 = Release|Any CPU
		{3F391E3C-489E-4733-9AF0-C5AA61EEF2B2}.Debug|Any CPU.ActiveCfg = Debug|Any CPU
		{3F391E3C-489E-4733-9AF0-C5AA61EEF2B2}.Debug|Any CPU.Build.0 = Debug|Any CPU
		{3F391E3C-489E-4733-9AF0-C5AA61EEF2B2}.Release|Any CPU.ActiveCfg = Release|Any CPU
		{3F391E3C-489E-4733-9AF0-C5AA61EEF2B2}.Release|Any CPU.Build.0 = Release|Any CPU
		{65CAE6E6-7901-4DFB-8316-4DF601296048}.Debug|Any CPU.ActiveCfg = Debug|Any CPU
		{65CAE6E6-7901-4DFB-8316-4DF601296048}.Debug|Any CPU.Build.0 = Debug|Any CPU
		{65CAE6E6-7901-4DFB-8316-4DF601296048}.Release|Any CPU.ActiveCfg = Release|Any CPU
		{65CAE6E6-7901-4DFB-8316-4DF601296048}.Release|Any CPU.Build.0 = Release|Any CPU
		{F4242B1F-A9CB-46F2-A42E-AAE5A140D42D}.Debug|Any CPU.ActiveCfg = Debug|Any CPU
		{F4242B1F-A9CB-46F2-A42E-AAE5A140D42D}.Debug|Any CPU.Build.0 = Debug|Any CPU
		{F4242B1F-A9CB-46F2-A42E-AAE5A140D42D}.Release|Any CPU.ActiveCfg = Release|Any CPU
		{F4242B1F-A9CB-46F2-A42E-AAE5A140D42D}.Release|Any CPU.Build.0 = Release|Any CPU
		{F97F80C2-C8F5-4AA5-9066-4D535DAC78E1}.Debug|Any CPU.ActiveCfg = Debug|Any CPU
		{F97F80C2-C8F5-4AA5-9066-4D535DAC78E1}.Debug|Any CPU.Build.0 = Debug|Any CPU
		{F97F80C2-C8F5-4AA5-9066-4D535DAC78E1}.Release|Any CPU.ActiveCfg = Release|Any CPU
		{F97F80C2-C8F5-4AA5-9066-4D535DAC78E1}.Release|Any CPU.Build.0 = Release|Any CPU
		{19C9F8D2-B68A-47DC-805C-E2B179E9A19C}.Debug|Any CPU.ActiveCfg = Debug|Any CPU
		{19C9F8D2-B68A-47DC-805C-E2B179E9A19C}.Debug|Any CPU.Build.0 = Debug|Any CPU
		{19C9F8D2-B68A-47DC-805C-E2B179E9A19C}.Release|Any CPU.ActiveCfg = Release|Any CPU
		{19C9F8D2-B68A-47DC-805C-E2B179E9A19C}.Release|Any CPU.Build.0 = Release|Any CPU
		{B877C0F0-C0D8-4E20-B28B-6BC2E1F5C333}.Debug|Any CPU.ActiveCfg = Debug|Any CPU
		{B877C0F0-C0D8-4E20-B28B-6BC2E1F5C333}.Debug|Any CPU.Build.0 = Debug|Any CPU
		{B877C0F0-C0D8-4E20-B28B-6BC2E1F5C333}.Release|Any CPU.ActiveCfg = Release|Any CPU
		{B877C0F0-C0D8-4E20-B28B-6BC2E1F5C333}.Release|Any CPU.Build.0 = Release|Any CPU
	EndGlobalSection
	GlobalSection(SolutionProperties) = preSolution
		HideSolutionNode = FALSE
	EndGlobalSection
EndGlobal
